github.com/ReanSn0w/gew v1.0.0 h1:DAIs0zvms4LGT5rcCcRXfvo4XuEhTKBFNj5VnpfCm6I=
github.com/ReanSn0w/gew v1.0.0/go.mod h1:dCMpxsqSdDnbZhUeJkIJEscdlND8FAnbmOSPAoV2x3o=
github.com/ReanSn0w/gew v1.1.0 h1:PXWl+g0qw2+/2GYLK8/0PPha2P4dUljH2U18pas9OKg=
github.com/ReanSn0w/gew v1.1.0/go.mod h1:dCMpxsqSdDnbZhUeJkIJEscdlND8FAnbmOSPAoV2x3o=
